
Microsoft Visual Studio Solution File, Format Version 12.00
# Visual Studio Version 17
VisualStudioVersion = 17.10.35013.160
MinimumVisualStudioVersion = 10.0.40219.1
Project("{FAE04EC0-301F-11D3-BF4B-00C04F79EFBC}") = "ProductApi", "ProductApi\ProductApi.csproj", "{9184FEE6-9326-42AC-B542-FFF293A029D1}"
EndProject
Global
	GlobalSection(SolutionConfigurationPlatforms) = preSolution
		Debug|Any CPU = Debug|Any CPU
		Release|Any CPU = Release|Any CPU
	EndGlobalSection
	GlobalSection(ProjectConfigurationPlatforms) = postSolution
		{9184FEE6-9326-42AC-B542-FFF293A029D1}.Debug|Any CPU.ActiveCfg = Debug|Any CPU
		{9184FEE6-9326-42AC-B542-FFF293A029D1}.Debug|Any CPU.Build.0 = Debug|Any CPU
		{9184FEE6-9326-42AC-B542-FFF293A029D1}.Release|Any CPU.ActiveCfg = Release|Any CPU
		{9184FEE6-9326-42AC-B542-FFF293A029D1}.Release|Any CPU.Build.0 = Release|Any CPU
	EndGlobalSection
	GlobalSection(SolutionProperties) = preSolution
		HideSolutionNode = FALSE
	EndGlobalSection
	GlobalSection(ExtensibilityGlobals) = postSolution
		SolutionGuid = {3704407A-645B-4999-9784-5754A49DEF5B}
	EndGlobalSection
EndGlobal
